
Microsoft Visual Studio Solution File, Format Version 12.00
# Visual Studio 15
VisualStudioVersion = 15.0.27004.2010
MinimumVisualStudioVersion = 10.0.40219.1
Project("{FAE04EC0-301F-11D3-BF4B-00C04F79EFBC}") = "UniverseStaffingApp.Android", "UniverseStaffingApp\UniverseStaffingApp.Android\UniverseStaffingApp.Android.csproj", "{EE4241DA-4831-49AE-A2F9-CFE0A70F248F}"
EndProject
Project("{FAE04EC0-301F-11D3-BF4B-00C04F79EFBC}") = "UniverseStaffingApp", "UniverseStaffingApp\UniverseStaffingApp\UniverseStaffingApp.csproj", "{93D0E44B-9183-47BE-B132-9BB05E90C11B}"
EndProject
Project("{FAE04EC0-301F-11D3-BF4B-00C04F79EFBC}") = "UniverseStaffingApp.iOS", "UniverseStaffingApp\UniverseStaffingApp.iOS\UniverseStaffingApp.iOS.csproj", "{81BF55B3-D4F2-4BB8-A8C0-586DD81FB6B8}"
EndProject
Project("{FAE04EC0-301F-11D3-BF4B-00C04F79EFBC}") = "UniverseStaffingApp.Data", "UniverseStaffingApp.Data\UniverseStaffingApp.Data.csproj", "{2B798BC6-6589-43FC-92F2-797AF169F9EB}"
EndProject
Project("{FAE04EC0-301F-11D3-BF4B-00C04F79EFBC}") = "UniverseStaffingApp.Data.Test", "UniverseStaffingApp.Data.Test\UniverseStaffingApp.Data.Test.csproj", "{23AD7FBE-215C-4573-8106-7599E895E080}"
EndProject
Global
	GlobalSection(SolutionConfigurationPlatforms) = preSolution
		Ad-Hoc|Any CPU = Ad-Hoc|Any CPU
		Ad-Hoc|iPhone = Ad-Hoc|iPhone
		Ad-Hoc|iPhoneSimulator = Ad-Hoc|iPhoneSimulator
		AppStore|Any CPU = AppStore|Any CPU
		AppStore|iPhone = AppStore|iPhone
		AppStore|iPhoneSimulator = AppStore|iPhoneSimulator
		Debug|Any CPU = Debug|Any CPU
		Debug|iPhone = Debug|iPhone
		Debug|iPhoneSimulator = Debug|iPhoneSimulator
		Release|Any CPU = Release|Any CPU
		Release|iPhone = Release|iPhone
		Release|iPhoneSimulator = Release|iPhoneSimulator
	EndGlobalSection
	GlobalSection(ProjectConfigurationPlatforms) = postSolution
		{EE4241DA-4831-49AE-A2F9-CFE0A70F248F}.Ad-Hoc|Any CPU.ActiveCfg = Release|Any CPU
		{EE4241DA-4831-49AE-A2F9-CFE0A70F248F}.Ad-Hoc|Any CPU.Build.0 = Release|Any CPU
		{EE4241DA-4831-49AE-A2F9-CFE0A70F248F}.Ad-Hoc|Any CPU.Deploy.0 = Release|Any CPU
		{EE4241DA-4831-49AE-A2F9-CFE0A70F248F}.Ad-Hoc|iPhone.ActiveCfg = Release|Any CPU
		{EE4241DA-4831-49AE-A2F9-CFE0A70F248F}.Ad-Hoc|iPhone.Build.0 = Release|Any CPU
		{EE4241DA-4831-49AE-A2F9-CFE0A70F248F}.Ad-Hoc|iPhone.Deploy.0 = Release|Any CPU
		{EE4241DA-4831-49AE-A2F9-CFE0A70F248F}.Ad-Hoc|iPhoneSimulator.ActiveCfg = Release|Any CPU
		{EE4241DA-4831-49AE-A2F9-CFE0A70F248F}.Ad-Hoc|iPhoneSimulator.Build.0 = Release|Any CPU
		{EE4241DA-4831-49AE-A2F9-CFE0A70F248F}.Ad-Hoc|iPhoneSimulator.Deploy.0 = Release|Any CPU
		{EE4241DA-4831-49AE-A2F9-CFE0A70F248F}.AppStore|Any CPU.ActiveCfg = Release|Any CPU
		{EE4241DA-4831-49AE-A2F9-CFE0A70F248F}.AppStore|Any CPU.Build.0 = Release|Any CPU
		{EE4241DA-4831-49AE-A2F9-CFE0A70F248F}.AppStore|Any CPU.Deploy.0 = Release|Any CPU
		{EE4241DA-4831-49AE-A2F9-CFE0A70F248F}.AppStore|iPhone.ActiveCfg = Release|Any CPU
		{EE4241DA-4831-49AE-A2F9-CFE0A70F248F}.AppStore|iPhone.Build.0 = Release|Any CPU
		{EE4241DA-4831-49AE-A2F9-CFE0A70F248F}.AppStore|iPhone.Deploy.0 = Release|Any CPU
		{EE4241DA-4831-49AE-A2F9-CFE0A70F248F}.AppStore|iPhoneSimulator.ActiveCfg = Release|Any CPU
		{EE4241DA-4831-49AE-A2F9-CFE0A70F248F}.AppStore|iPhoneSimulator.Build.0 = Release|Any CPU
		{EE4241DA-4831-49AE-A2F9-CFE0A70F248F}.AppStore|iPhoneSimulator.Deploy.0 = Release|Any CPU
		{EE4241DA-4831-49AE-A2F9-CFE0A70F248F}.Debug|Any CPU.ActiveCfg = Debug|Any CPU
		{EE4241DA-4831-49AE-A2F9-CFE0A70F248F}.Debug|Any CPU.Build.0 = Debug|Any CPU
		{EE4241DA-4831-49AE-A2F9-CFE0A70F248F}.Debug|Any CPU.Deploy.0 = Debug|Any CPU
		{EE4241DA-4831-49AE-A2F9-CFE0A70F248F}.Debug|iPhone.ActiveCfg = Debug|Any CPU
		{EE4241DA-4831-49AE-A2F9-CFE0A70F248F}.Debug|iPhone.Build.0 = Debug|Any CPU
		{EE4241DA-4831-49AE-A2F9-CFE0A70F248F}.Debug|iPhone.Deploy.0 = Debug|Any CPU
		{EE4241DA-4831-49AE-A2F9-CFE0A70F248F}.Debug|iPhoneSimulator.ActiveCfg = Debug|Any CPU
		{EE4241DA-4831-49AE-A2F9-CFE0A70F248F}.Debug|iPhoneSimulator.Build.0 = Debug|Any CPU
		{EE4241DA-4831-49AE-A2F9-CFE0A70F248F}.Debug|iPhoneSimulator.Deploy.0 = Debug|Any CPU
		{EE4241DA-4831-49AE-A2F9-CFE0A70F248F}.Release|Any CPU.ActiveCfg = Release|Any CPU
		{EE4241DA-4831-49AE-A2F9-CFE0A70F248F}.Release|Any CPU.Build.0 = Release|Any CPU
		{EE4241DA-4831-49AE-A2F9-CFE0A70F248F}.Release|Any CPU.Deploy.0 = Release|Any CPU
		{EE4241DA-4831-49AE-A2F9-CFE0A70F248F}.Release|iPhone.ActiveCfg = Release|Any CPU
		{EE4241DA-4831-49AE-A2F9-CFE0A70F248F}.Release|iPhone.Build.0 = Release|Any CPU
		{EE4241DA-4831-49AE-A2F9-CFE0A70F248F}.Release|iPhone.Deploy.0 = Release|Any CPU
		{EE4241DA-4831-49AE-A2F9-CFE0A70F248F}.Release|iPhoneSimulator.ActiveCfg = Release|Any CPU
		{EE4241DA-4831-49AE-A2F9-CFE0A70F248F}.Release|iPhoneSimulator.Build.0 = Release|Any CPU
		{EE4241DA-4831-49AE-A2F9-CFE0A70F248F}.Release|iPhoneSimulator.Deploy.0 = Release|Any CPU
		{93D0E44B-9183-47BE-B132-9BB05E90C11B}.Ad-Hoc|Any CPU.ActiveCfg = Release|Any CPU
		{93D0E44B-9183-47BE-B132-9BB05E90C11B}.Ad-Hoc|Any CPU.Build.0 = Release|Any CPU
		{93D0E44B-9183-47BE-B132-9BB05E90C11B}.Ad-Hoc|iPhone.ActiveCfg = Release|Any CPU
		{93D0E44B-9183-47BE-B132-9BB05E90C11B}.Ad-Hoc|iPhone.Build.0 = Release|Any CPU
		{93D0E44B-9183-47BE-B132-9BB05E90C11B}.Ad-Hoc|iPhoneSimulator.ActiveCfg = Release|Any CPU
		{93D0E44B-9183-47BE-B132-9BB05E90C11B}.Ad-Hoc|iPhoneSimulator.Build.0 = Release|Any CPU
		{93D0E44B-9183-47BE-B132-9BB05E90C11B}.AppStore|Any CPU.ActiveCfg = Release|Any CPU
		{93D0E44B-9183-47BE-B132-9BB05E90C11B}.AppStore|Any CPU.Build.0 = Release|Any CPU
		{93D0E44B-9183-47BE-B132-9BB05E90C11B}.AppStore|iPhone.ActiveCfg = Release|Any CPU
		{93D0E44B-9183-47BE-B132-9BB05E90C11B}.AppStore|iPhone.Build.0 = Release|Any CPU
		{93D0E44B-9183-47BE-B132-9BB05E90C11B}.AppStore|iPhoneSimulator.ActiveCfg = Release|Any CPU
		{93D0E44B-9183-47BE-B132-9BB05E90C11B}.AppStore|iPhoneSimulator.Build.0 = Release|Any CPU
		{93D0E44B-9183-47BE-B132-9BB05E90C11B}.Debug|Any CPU.ActiveCfg = Debug|Any CPU
		{93D0E44B-9183-47BE-B132-9BB05E90C11B}.Debug|Any CPU.Build.0 = Debug|Any CPU
		{93D0E44B-9183-47BE-B132-9BB05E90C11B}.Debug|iPhone.ActiveCfg = Debug|Any CPU
		{93D0E44B-9183-47BE-B132-9BB05E90C11B}.Debug|iPhone.Build.0 = Debug|Any CPU
		{93D0E44B-9183-47BE-B132-9BB05E90C11B}.Debug|iPhoneSimulator.ActiveCfg = Debug|Any CPU
		{93D0E44B-9183-47BE-B132-9BB05E90C11B}.Debug|iPhoneSimulator.Build.0 = Debug|Any CPU
		{93D0E44B-9183-47BE-B132-9BB05E90C11B}.Release|Any CPU.ActiveCfg = Release|Any CPU
		{93D0E44B-9183-47BE-B132-9BB05E90C11B}.Release|Any CPU.Build.0 = Release|Any CPU
		{93D0E44B-9183-47BE-B132-9BB05E90C11B}.Release|iPhone.ActiveCfg = Release|Any CPU
		{93D0E44B-9183-47BE-B132-9BB05E90C11B}.Release|iPhone.Build.0 = Release|Any CPU
		{93D0E44B-9183-47BE-B132-9BB05E90C11B}.Release|iPhoneSimulator.ActiveCfg = Release|Any CPU
		{93D0E44B-9183-47BE-B132-9BB05E90C11B}.Release|iPhoneSimulator.Build.0 = Release|Any CPU
		{81BF55B3-D4F2-4BB8-A8C0-586DD81FB6B8}.Ad-Hoc|Any CPU.ActiveCfg = Ad-Hoc|iPhoneSimulator
		{81BF55B3-D4F2-4BB8-A8C0-586DD81FB6B8}.Ad-Hoc|iPhone.ActiveCfg = Ad-Hoc|iPhone
		{81BF55B3-D4F2-4BB8-A8C0-586DD81FB6B8}.Ad-Hoc|iPhone.Build.0 = Ad-Hoc|iPhone
		{81BF55B3-D4F2-4BB8-A8C0-586DD81FB6B8}.Ad-Hoc|iPhoneSimulator.ActiveCfg = Ad-Hoc|iPhoneSimulator
		{81BF55B3-D4F2-4BB8-A8C0-586DD81FB6B8}.Ad-Hoc|iPhoneSimulator.Build.0 = Ad-Hoc|iPhoneSimulator
		{81BF55B3-D4F2-4BB8-A8C0-586DD81FB6B8}.AppStore|Any CPU.ActiveCfg = AppStore|iPhoneSimulator
		{81BF55B3-D4F2-4BB8-A8C0-586DD81FB6B8}.AppStore|iPhone.ActiveCfg = AppStore|iPhone
		{81BF55B3-D4F2-4BB8-A8C0-586DD81FB6B8}.AppStore|iPhone.Build.0 = AppStore|iPhone
		{81BF55B3-D4F2-4BB8-A8C0-586DD81FB6B8}.AppStore|iPhoneSimulator.ActiveCfg = AppStore|iPhoneSimulator
		{81BF55B3-D4F2-4BB8-A8C0-586DD81FB6B8}.AppStore|iPhoneSimulator.Build.0 = AppStore|iPhoneSimulator
		{81BF55B3-D4F2-4BB8-A8C0-586DD81FB6B8}.Debug|Any CPU.ActiveCfg = Debug|iPhoneSimulator
		{81BF55B3-D4F2-4BB8-A8C0-586DD81FB6B8}.Debug|iPhone.ActiveCfg = Debug|iPhone
		{81BF55B3-D4F2-4BB8-A8C0-586DD81FB6B8}.Debug|iPhone.Build.0 = Debug|iPhone
		{81BF55B3-D4F2-4BB8-A8C0-586DD81FB6B8}.Debug|iPhoneSimulator.ActiveCfg = Debug|iPhoneSimulator
		{81BF55B3-D4F2-4BB8-A8C0-586DD81FB6B8}.Debug|iPhoneSimulator.Build.0 = Debug|iPhoneSimulator
		{81BF55B3-D4F2-4BB8-A8C0-586DD81FB6B8}.Release|Any CPU.ActiveCfg = Release|iPhoneSimulator
		{81BF55B3-D4F2-4BB8-A8C0-586DD81FB6B8}.Release|iPhone.ActiveCfg = Release|iPhone
		{81BF55B3-D4F2-4BB8-A8C0-586DD81FB6B8}.Release|iPhone.Build.0 = Release|iPhone
		{81BF55B3-D4F2-4BB8-A8C0-586DD81FB6B8}.Release|iPhoneSimulator.ActiveCfg = Release|iPhoneSimulator
		{81BF55B3-D4F2-4BB8-A8C0-586DD81FB6B8}.Release|iPhoneSimulator.Build.0 = Release|iPhoneSimulator
		{2B798BC6-6589-43FC-92F2-797AF169F9EB}.Ad-Hoc|Any CPU.ActiveCfg = Release|Any CPU
		{2B798BC6-6589-43FC-92F2-797AF169F9EB}.Ad-Hoc|Any CPU.Build.0 = Release|Any CPU
		{2B798BC6-6589-43FC-92F2-797AF169F9EB}.Ad-Hoc|iPhone.ActiveCfg = Release|Any CPU
		{2B798BC6-6589-43FC-92F2-797AF169F9EB}.Ad-Hoc|iPhone.Build.0 = Release|Any CPU
		{2B798BC6-6589-43FC-92F2-797AF169F9EB}.Ad-Hoc|iPhoneSimulator.ActiveCfg = Release|Any CPU
		{2B798BC6-6589-43FC-92F2-797AF169F9EB}.Ad-Hoc|iPhoneSimulator.Build.0 = Release|Any CPU
		{2B798BC6-6589-43FC-92F2-797AF169F9EB}.AppStore|Any CPU.ActiveCfg = Release|Any CPU
		{2B798BC6-6589-43FC-92F2-797AF169F9EB}.AppStore|Any CPU.Build.0 = Release|Any CPU
		{2B798BC6-6589-43FC-92F2-797AF169F9EB}.AppStore|iPhone.ActiveCfg = Release|Any CPU
		{2B798BC6-6589-43FC-92F2-797AF169F9EB}.AppStore|iPhone.Build.0 = Release|Any CPU
		{2B798BC6-6589-43FC-92F2-797AF169F9EB}.AppStore|iPhoneSimulator.ActiveCfg = Release|Any CPU
		{2B798BC6-6589-43FC-92F2-797AF169F9EB}.AppStore|iPhoneSimulator.Build.0 = Release|Any CPU
		{2B798BC6-6589-43FC-92F2-797AF169F9EB}.Debug|Any CPU.ActiveCfg = Debug|Any CPU
		{2B798BC6-6589-43FC-92F2-797AF169F9EB}.Debug|Any CPU.Build.0 = Debug|Any CPU
		{2B798BC6-6589-43FC-92F2-797AF169F9EB}.Debug|iPhone.ActiveCfg = Debug|Any CPU
		{2B798BC6-6589-43FC-92F2-797AF169F9EB}.Debug|iPhone.Build.0 = Debug|Any CPU
		{2B798BC6-6589-43FC-92F2-797AF169F9EB}.Debug|iPhoneSimulator.ActiveCfg = Debug|Any CPU
		{2B798BC6-6589-43FC-92F2-797AF169F9EB}.Debug|iPhoneSimulator.Build.0 = Debug|Any CPU
		{2B798BC6-6589-43FC-92F2-797AF169F9EB}.Release|Any CPU.ActiveCfg = Release|Any CPU
		{2B798BC6-6589-43FC-92F2-797AF169F9EB}.Release|Any CPU.Build.0 = Release|Any CPU
		{2B798BC6-6589-43FC-92F2-797AF169F9EB}.Release|iPhone.ActiveCfg = Release|Any CPU
		{2B798BC6-6589-43FC-92F2-797AF169F9EB}.Release|iPhone.Build.0 = Release|Any CPU
		{2B798BC6-6589-43FC-92F2-797AF169F9EB}.Release|iPhoneSimulator.ActiveCfg = Release|Any CPU
		{2B798BC6-6589-43FC-92F2-797AF169F9EB}.Release|iPhoneSimulator.Build.0 = Release|Any CPU
		{23AD7FBE-215C-4573-8106-7599E895E080}.Ad-Hoc|Any CPU.ActiveCfg = Release|Any CPU
		{23AD7FBE-215C-4573-8106-7599E895E080}.Ad-Hoc|Any CPU.Build.0 = Release|Any CPU
		{23AD7FBE-215C-4573-8106-7599E895E080}.Ad-Hoc|iPhone.ActiveCfg = Release|Any CPU
		{23AD7FBE-215C-4573-8106-7599E895E080}.Ad-Hoc|iPhone.Build.0 = Release|Any CPU
		{23AD7FBE-215C-4573-8106-7599E895E080}.Ad-Hoc|iPhoneSimulator.ActiveCfg = Release|Any CPU
		{23AD7FBE-215C-4573-8106-7599E895E080}.Ad-Hoc|iPhoneSimulator.Build.0 = Release|Any CPU
		{23AD7FBE-215C-4573-8106-7599E895E080}.AppStore|Any CPU.ActiveCfg = Release|Any CPU
		{23AD7FBE-215C-4573-8106-7599E895E080}.AppStore|Any CPU.Build.0 = Release|Any CPU
		{23AD7FBE-215C-4573-8106-7599E895E080}.AppStore|iPhone.ActiveCfg = Release|Any CPU
		{23AD7FBE-215C-4573-8106-7599E895E080}.AppStore|iPhone.Build.0 = Release|Any CPU
		{23AD7FBE-215C-4573-8106-7599E895E080}.AppStore|iPhoneSimulator.ActiveCfg = Release|Any CPU
		{23AD7FBE-215C-4573-8106-7599E895E080}.AppStore|iPhoneSimulator.Build.0 = Release|Any CPU
		{23AD7FBE-215C-4573-8106-7599E895E080}.Debug|Any CPU.ActiveCfg = Debug|Any CPU
		{23AD7FBE-215C-4573-8106-7599E895E080}.Debug|Any CPU.Build.0 = Debug|Any CPU
		{23AD7FBE-215C-4573-8106-7599E895E080}.Debug|iPhone.ActiveCfg = Debug|Any CPU
		{23AD7FBE-215C-4573-8106-7599E895E080}.Debug|iPhone.Build.0 = Debug|Any CPU
		{23AD7FBE-215C-4573-8106-7599E895E080}.Debug|iPhoneSimulator.ActiveCfg = Debug|Any CPU
		{23AD7FBE-215C-4573-8106-7599E895E080}.Debug|iPhoneSimulator.Build.0 = Debug|Any CPU
		{23AD7FBE-215C-4573-8106-7599E895E080}.Release|Any CPU.ActiveCfg = Release|Any CPU
		{23AD7FBE-215C-4573-8106-7599E895E080}.Release|Any CPU.Build.0 = Release|Any CPU
		{23AD7FBE-215C-4573-8106-7599E895E080}.Release|iPhone.ActiveCfg = Release|Any CPU
		{23AD7FBE-215C-4573-8106-7599E895E080}.Release|iPhone.Build.0 = Release|Any CPU
		{23AD7FBE-215C-4573-8106-7599E895E080}.Release|iPhoneSimulator.ActiveCfg = Release|Any CPU
		{23AD7FBE-215C-4573-8106-7599E895E080}.Release|iPhoneSimulator.Build.0 = Release|Any CPU
	EndGlobalSection
	GlobalSection(SolutionProperties) = preSolution
		HideSolutionNode = FALSE
	EndGlobalSection
	GlobalSection(ExtensibilityGlobals) = postSolution
		SolutionGuid = {0C8E89B6-D039-4C1B-8D18-935CE9BF285D}
	EndGlobalSection
EndGlobal
